
Microsoft Visual Studio Solution File, Format Version 12.00
# Visual Studio Version 17
VisualStudioVersion = 17.11.35303.130
MinimumVisualStudioVersion = 10.0.40219.1
Project("{FAE04EC0-301F-11D3-BF4B-00C04F79EFBC}") = "SnelsteAtleet", "SnelsteAtleet\SnelsteAtleet.csproj", "{8A8C4F47-18D1-420E-A385-CB2A55066B4F}"
EndProject
Global
	GlobalSection(SolutionConfigurationPlatforms) = preSolution
		Debug|Any CPU = Debug|Any CPU
		Release|Any CPU = Release|Any CPU
	EndGlobalSection
	GlobalSection(ProjectConfigurationPlatforms) = postSolution
		{8A8C4F47-18D1-420E-A385-CB2A55066B4F}.Debug|Any CPU.ActiveCfg = Debug|Any CPU
		{8A8C4F47-18D1-420E-A385-CB2A55066B4F}.Debug|Any CPU.Build.0 = Debug|Any CPU
		{8A8C4F47-18D1-420E-A385-CB2A55066B4F}.Release|Any CPU.ActiveCfg = Release|Any CPU
		{8A8C4F47-18D1-420E-A385-CB2A55066B4F}.Release|Any CPU.Build.0 = Release|Any CPU
	EndGlobalSection
	GlobalSection(SolutionProperties) = preSolution
		HideSolutionNode = FALSE
	EndGlobalSection
	GlobalSection(ExtensibilityGlobals) = postSolution
		SolutionGuid = {8DC0D32A-D449-4016-9061-916E3EF90D3A}
	EndGlobalSection
EndGlobal
